{
  "version": 4,
  "terraform_version": "1.10.3",
  "serial": 4,
  "lineage": "0eafebe4-2c6e-f19c-42f8-f8410be128ae",
  "outputs": {},
  "resources": [
    {
      "mode": "managed",
      "type": "aws_iam_user",
      "name": "my_users",
      "provider": "provider[\"registry.terraform.io/hashicorp/aws\"]",
      "instances": [
        {
          "index_key": "user1",
          "schema_version": 0,
          "attributes": {
            "arn": "arn:aws:iam::764270254505:user/user1",
            "force_destroy": false,
            "id": "user1",
            "name": "user1",
            "path": "/",
            "permissions_boundary": "",
            "tags": {
              "Env": "default",
              "Name": "user1"
            },
            "tags_all": {
              "Env": "default",
              "Name": "user1"
            },
            "unique_id": "AIDA3D4QOTGU3RK55GU24"
          },
          "sensitive_attributes": [],
          "private": "bnVsbA=="
        },
        {
          "index_key": "user2",
          "schema_version": 0,
          "attributes": {
            "arn": "arn:aws:iam::764270254505:user/user2",
            "force_destroy": false,
            "id": "user2",
            "name": "user2",
            "path": "/",
            "permissions_boundary": "",
            "tags": {
              "Env": "default",
              "Name": "user2"
            },
            "tags_all": {
              "Env": "default",
              "Name": "user2"
            },
            "unique_id": "AIDA3D4QOTGUV4IWJACMB"
          },
          "sensitive_attributes": [],
          "private": "bnVsbA=="
        },
        {
          "index_key": "user3",
          "schema_version": 0,
          "attributes": {
            "arn": "arn:aws:iam::764270254505:user/user3",
            "force_destroy": false,
            "id": "user3",
            "name": "user3",
            "path": "/",
            "permissions_boundary": "",
            "tags": {
              "Env": "default",
              "Name": "user3"
            },
            "tags_all": {
              "Env": "default",
              "Name": "user3"
            },
            "unique_id": "AIDA3D4QOTGURZ4J5SXHB"
          },
          "sensitive_attributes": [],
          "private": "bnVsbA=="
        }
      ]
    }
  ],
  "check_results": null
}
